
Microsoft Visual Studio Solution File, Format Version 12.00
# Visual Studio 15
VisualStudioVersion = 15.0.26730.16
MinimumVisualStudioVersion = 10.0.40219.1
Project("{FAE04EC0-301F-11D3-BF4B-00C04F79EFBC}") = "ReverseStringConsoleApp", "ReverseStringConsoleApp\ReverseStringConsoleApp.csproj", "{A3EAA3DD-7085-4732-9B3C-57C0591C154C}"
EndProject
Global
	GlobalSection(SolutionConfigurationPlatforms) = preSolution
		Debug|Any CPU = Debug|Any CPU
		Release|Any CPU = Release|Any CPU
	EndGlobalSection
	GlobalSection(ProjectConfigurationPlatforms) = postSolution
		{A3EAA3DD-7085-4732-9B3C-57C0591C154C}.Debug|Any CPU.ActiveCfg = Debug|Any CPU
		{A3EAA3DD-7085-4732-9B3C-57C0591C154C}.Debug|Any CPU.Build.0 = Debug|Any CPU
		{A3EAA3DD-7085-4732-9B3C-57C0591C154C}.Release|Any CPU.ActiveCfg = Release|Any CPU
		{A3EAA3DD-7085-4732-9B3C-57C0591C154C}.Release|Any CPU.Build.0 = Release|Any CPU
	EndGlobalSection
	GlobalSection(SolutionProperties) = preSolution
		HideSolutionNode = FALSE
	EndGlobalSection
	GlobalSection(ExtensibilityGlobals) = postSolution
		SolutionGuid = {5B82BBD9-2C4E-4FCF-8E6B-F88D407AEB33}
	EndGlobalSection
EndGlobal
